// !$*UTF8*$!
{
	archiveVersion = 1;
	classes = {
	};
	objectVersion = 56;
	objects = {

/* Begin PBXBuildFile section */
		A313A3C02B1A1F8300612A69 /* NovaOcorrenciaView.swift in Sources */ = {isa = PBXBuildFile; fileRef = A313A3BF2B1A1F8300612A69 /* NovaOcorrenciaView.swift */; };
		A313A3C22B1A1F9100612A69 /* NovaOcorrenciaViewController.swift in Sources */ = {isa = PBXBuildFile; fileRef = A313A3C12B1A1F9100612A69 /* NovaOcorrenciaViewController.swift */; };
		A313A3C42B1A1F9C00612A69 /* SobreView.swift in Sources */ = {isa = PBXBuildFile; fileRef = A313A3C32B1A1F9C00612A69 /* SobreView.swift */; };
		A313A3C62B1A1FAA00612A69 /* SobreViewController.swift in Sources */ = {isa = PBXBuildFile; fileRef = A313A3C52B1A1FAA00612A69 /* SobreViewController.swift */; };
		A313A3C82B1A1FC100612A69 /* TabbarController.swift in Sources */ = {isa = PBXBuildFile; fileRef = A313A3C72B1A1FC100612A69 /* TabbarController.swift */; };
		A313A3CA2B1A214C00612A69 /* TabbarCoordinator.swift in Sources */ = {isa = PBXBuildFile; fileRef = A313A3C92B1A214C00612A69 /* TabbarCoordinator.swift */; };
		A313A3CC2B1A21A600612A69 /* NovaOcorrenciaCoordinator.swift in Sources */ = {isa = PBXBuildFile; fileRef = A313A3CB2B1A21A600612A69 /* NovaOcorrenciaCoordinator.swift */; };
		A313A3CE2B1A21DC00612A69 /* SobreCoordinator.swift in Sources */ = {isa = PBXBuildFile; fileRef = A313A3CD2B1A21DC00612A69 /* SobreCoordinator.swift */; };
		A31CE4B52AFE5AF80077D156 /* AppDelegate.swift in Sources */ = {isa = PBXBuildFile; fileRef = A31CE4B42AFE5AF80077D156 /* AppDelegate.swift */; };
		A31CE4B72AFE5AF80077D156 /* SceneDelegate.swift in Sources */ = {isa = PBXBuildFile; fileRef = A31CE4B62AFE5AF80077D156 /* SceneDelegate.swift */; };
		A31CE4B92AFE5AF80077D156 /* ViewController.swift in Sources */ = {isa = PBXBuildFile; fileRef = A31CE4B82AFE5AF80077D156 /* ViewController.swift */; };
		A31CE4BC2AFE5AF80077D156 /* Main.storyboard in Resources */ = {isa = PBXBuildFile; fileRef = A31CE4BA2AFE5AF80077D156 /* Main.storyboard */; };
		A31CE4BE2AFE5AFB0077D156 /* Assets.xcassets in Resources */ = {isa = PBXBuildFile; fileRef = A31CE4BD2AFE5AFB0077D156 /* Assets.xcassets */; };
		A31CE4C12AFE5AFB0077D156 /* LaunchScreen.storyboard in Resources */ = {isa = PBXBuildFile; fileRef = A31CE4BF2AFE5AFB0077D156 /* LaunchScreen.storyboard */; };
		A31CE50B2B0154D30077D156 /* LoginView.swift in Sources */ = {isa = PBXBuildFile; fileRef = A31CE50A2B0154D30077D156 /* LoginView.swift */; };
		A31CE50D2B0154E30077D156 /* LoginViewController.swift in Sources */ = {isa = PBXBuildFile; fileRef = A31CE50C2B0154E30077D156 /* LoginViewController.swift */; };
		A31CE50F2B0155070077D156 /* Coordinator.swift in Sources */ = {isa = PBXBuildFile; fileRef = A31CE50E2B0155070077D156 /* Coordinator.swift */; };
		A31CE5112B01551F0077D156 /* LoginCoordinator.swift in Sources */ = {isa = PBXBuildFile; fileRef = A31CE5102B01551F0077D156 /* LoginCoordinator.swift */; };
		A351F9E32B18BCB6006331F8 /* ViewDefault.swift in Sources */ = {isa = PBXBuildFile; fileRef = A351F9E22B18BCB6006331F8 /* ViewDefault.swift */; };
		A351F9E52B18C521006331F8 /* ViewControllerDeafault.swift in Sources */ = {isa = PBXBuildFile; fileRef = A351F9E42B18C521006331F8 /* ViewControllerDeafault.swift */; };
		A3E840BF2B0269A0001D0A87 /* Color+.swift in Sources */ = {isa = PBXBuildFile; fileRef = A3E840BE2B0269A0001D0A87 /* Color+.swift */; };
		A3E840DC2B07E106001D0A87 /* ButtonDefault.swift in Sources */ = {isa = PBXBuildFile; fileRef = A3E840DB2B07E106001D0A87 /* ButtonDefault.swift */; };
		A3E840E02B07E370001D0A87 /* ImageDefault.swift in Sources */ = {isa = PBXBuildFile; fileRef = A3E840DF2B07E370001D0A87 /* ImageDefault.swift */; };
		A3E840E22B07E542001D0A87 /* LabelDefault.swift in Sources */ = {isa = PBXBuildFile; fileRef = A3E840E12B07E542001D0A87 /* LabelDefault.swift */; };
		A3E840E42B07E812001D0A87 /* TextFieldDefault.swift in Sources */ = {isa = PBXBuildFile; fileRef = A3E840E32B07E812001D0A87 /* TextFieldDefault.swift */; };
		A3E840F72B0E36C4001D0A87 /* RegisterView.swift in Sources */ = {isa = PBXBuildFile; fileRef = A3E840F62B0E36C4001D0A87 /* RegisterView.swift */; };
		A3E840F92B0E36E0001D0A87 /* RegisterViewController.swift in Sources */ = {isa = PBXBuildFile; fileRef = A3E840F82B0E36E0001D0A87 /* RegisterViewController.swift */; };
		A3E840FB2B0E37F7001D0A87 /* RegisterCoordinator.swift in Sources */ = {isa = PBXBuildFile; fileRef = A3E840FA2B0E37F7001D0A87 /* RegisterCoordinator.swift */; };
		A3E841002B10D663001D0A87 /* HomeView.swift in Sources */ = {isa = PBXBuildFile; fileRef = A3E840FF2B10D663001D0A87 /* HomeView.swift */; };
		A3E841022B10D69D001D0A87 /* HomeViewController.swift in Sources */ = {isa = PBXBuildFile; fileRef = A3E841012B10D69D001D0A87 /* HomeViewController.swift */; };
		A3E841042B10D875001D0A87 /* HomeCoordinator.swift in Sources */ = {isa = PBXBuildFile; fileRef = A3E841032B10D875001D0A87 /* HomeCoordinator.swift */; };
/* End PBXBuildFile section */

/* Begin PBXFileReference section */
		A313A3BF2B1A1F8300612A69 /* NovaOcorrenciaView.swift */ = {isa = PBXFileReference; lastKnownFileType = sourcecode.swift; path = NovaOcorrenciaView.swift; sourceTree = "<group>"; };
		A313A3C12B1A1F9100612A69 /* NovaOcorrenciaViewController.swift */ = {isa = PBXFileReference; lastKnownFileType = sourcecode.swift; path = NovaOcorrenciaViewController.swift; sourceTree = "<group>"; };
		A313A3C32B1A1F9C00612A69 /* SobreView.swift */ = {isa = PBXFileReference; lastKnownFileType = sourcecode.swift; path = SobreView.swift; sourceTree = "<group>"; };
		A313A3C52B1A1FAA00612A69 /* SobreViewController.swift */ = {isa = PBXFileReference; lastKnownFileType = sourcecode.swift; path = SobreViewController.swift; sourceTree = "<group>"; };
		A313A3C72B1A1FC100612A69 /* TabbarController.swift */ = {isa = PBXFileReference; lastKnownFileType = sourcecode.swift; path = TabbarController.swift; sourceTree = "<group>"; };
		A313A3C92B1A214C00612A69 /* TabbarCoordinator.swift */ = {isa = PBXFileReference; lastKnownFileType = sourcecode.swift; path = TabbarCoordinator.swift; sourceTree = "<group>"; };
		A313A3CB2B1A21A600612A69 /* NovaOcorrenciaCoordinator.swift */ = {isa = PBXFileReference; lastKnownFileType = sourcecode.swift; path = NovaOcorrenciaCoordinator.swift; sourceTree = "<group>"; };
		A313A3CD2B1A21DC00612A69 /* SobreCoordinator.swift */ = {isa = PBXFileReference; lastKnownFileType = sourcecode.swift; path = SobreCoordinator.swift; sourceTree = "<group>"; };
		A31CE4B12AFE5AF80077D156 /* appNotifica.app */ = {isa = PBXFileReference; explicitFileType = wrapper.application; includeInIndex = 0; path = appNotifica.app; sourceTree = BUILT_PRODUCTS_DIR; };
		A31CE4B42AFE5AF80077D156 /* AppDelegate.swift */ = {isa = PBXFileReference; lastKnownFileType = sourcecode.swift; path = AppDelegate.swift; sourceTree = "<group>"; };
		A31CE4B62AFE5AF80077D156 /* SceneDelegate.swift */ = {isa = PBXFileReference; lastKnownFileType = sourcecode.swift; path = SceneDelegate.swift; sourceTree = "<group>"; };
		A31CE4B82AFE5AF80077D156 /* ViewController.swift */ = {isa = PBXFileReference; lastKnownFileType = sourcecode.swift; path = ViewController.swift; sourceTree = "<group>"; };
		A31CE4BB2AFE5AF80077D156 /* Base */ = {isa = PBXFileReference; lastKnownFileType = file.storyboard; name = Base; path = Base.lproj/Main.storyboard; sourceTree = "<group>"; };
		A31CE4BD2AFE5AFB0077D156 /* Assets.xcassets */ = {isa = PBXFileReference; lastKnownFileType = folder.assetcatalog; path = Assets.xcassets; sourceTree = "<group>"; };
		A31CE4C02AFE5AFB0077D156 /* Base */ = {isa = PBXFileReference; lastKnownFileType = file.storyboard; name = Base; path = Base.lproj/LaunchScreen.storyboard; sourceTree = "<group>"; };
		A31CE4C22AFE5AFB0077D156 /* Info.plist */ = {isa = PBXFileReference; lastKnownFileType = text.plist.xml; path = Info.plist; sourceTree = "<group>"; };
		A31CE50A2B0154D30077D156 /* LoginView.swift */ = {isa = PBXFileReference; lastKnownFileType = sourcecode.swift; path = LoginView.swift; sourceTree = "<group>"; };
		A31CE50C2B0154E30077D156 /* LoginViewController.swift */ = {isa = PBXFileReference; lastKnownFileType = sourcecode.swift; path = LoginViewController.swift; sourceTree = "<group>"; };
		A31CE50E2B0155070077D156 /* Coordinator.swift */ = {isa = PBXFileReference; lastKnownFileType = sourcecode.swift; path = Coordinator.swift; sourceTree = "<group>"; };
		A31CE5102B01551F0077D156 /* LoginCoordinator.swift */ = {isa = PBXFileReference; lastKnownFileType = sourcecode.swift; path = LoginCoordinator.swift; sourceTree = "<group>"; };
		A351F9E22B18BCB6006331F8 /* ViewDefault.swift */ = {isa = PBXFileReference; lastKnownFileType = sourcecode.swift; path = ViewDefault.swift; sourceTree = "<group>"; };
		A351F9E42B18C521006331F8 /* ViewControllerDeafault.swift */ = {isa = PBXFileReference; lastKnownFileType = sourcecode.swift; path = ViewControllerDeafault.swift; sourceTree = "<group>"; };
		A3E840BE2B0269A0001D0A87 /* Color+.swift */ = {isa = PBXFileReference; lastKnownFileType = sourcecode.swift; path = "Color+.swift"; sourceTree = "<group>"; };
		A3E840DB2B07E106001D0A87 /* ButtonDefault.swift */ = {isa = PBXFileReference; lastKnownFileType = sourcecode.swift; path = ButtonDefault.swift; sourceTree = "<group>"; };
		A3E840DF2B07E370001D0A87 /* ImageDefault.swift */ = {isa = PBXFileReference; lastKnownFileType = sourcecode.swift; path = ImageDefault.swift; sourceTree = "<group>"; };
		A3E840E12B07E542001D0A87 /* LabelDefault.swift */ = {isa = PBXFileReference; lastKnownFileType = sourcecode.swift; path = LabelDefault.swift; sourceTree = "<group>"; };
		A3E840E32B07E812001D0A87 /* TextFieldDefault.swift */ = {isa = PBXFileReference; lastKnownFileType = sourcecode.swift; path = TextFieldDefault.swift; sourceTree = "<group>"; };
		A3E840F62B0E36C4001D0A87 /* RegisterView.swift */ = {isa = PBXFileReference; lastKnownFileType = sourcecode.swift; path = RegisterView.swift; sourceTree = "<group>"; };
		A3E840F82B0E36E0001D0A87 /* RegisterViewController.swift */ = {isa = PBXFileReference; lastKnownFileType = sourcecode.swift; path = RegisterViewController.swift; sourceTree = "<group>"; };
		A3E840FA2B0E37F7001D0A87 /* RegisterCoordinator.swift */ = {isa = PBXFileReference; lastKnownFileType = sourcecode.swift; path = RegisterCoordinator.swift; sourceTree = "<group>"; };
		A3E840FF2B10D663001D0A87 /* HomeView.swift */ = {isa = PBXFileReference; lastKnownFileType = sourcecode.swift; path = HomeView.swift; sourceTree = "<group>"; };
		A3E841012B10D69D001D0A87 /* HomeViewController.swift */ = {isa = PBXFileReference; lastKnownFileType = sourcecode.swift; path = HomeViewController.swift; sourceTree = "<group>"; };
		A3E841032B10D875001D0A87 /* HomeCoordinator.swift */ = {isa = PBXFileReference; lastKnownFileType = sourcecode.swift; path = HomeCoordinator.swift; sourceTree = "<group>"; };
/* End PBXFileReference section */

/* Begin PBXFrameworksBuildPhase section */
		A31CE4AE2AFE5AF80077D156 /* Frameworks */ = {
			isa = PBXFrameworksBuildPhase;
			buildActionMask = 2147483647;
			files = (
			);
			runOnlyForDeploymentPostprocessing = 0;
		};
/* End PBXFrameworksBuildPhase section */

/* Begin PBXGroup section */
		A313A3BC2B1A1ECC00612A69 /* Tabbar */ = {
			isa = PBXGroup;
			children = (
				A313A3C72B1A1FC100612A69 /* TabbarController.swift */,
			);
			path = Tabbar;
			sourceTree = "<group>";
		};
		A313A3BD2B1A1EDA00612A69 /* Sobre */ = {
			isa = PBXGroup;
			children = (
				A313A3C32B1A1F9C00612A69 /* SobreView.swift */,
				A313A3C52B1A1FAA00612A69 /* SobreViewController.swift */,
			);
			path = Sobre;
			sourceTree = "<group>";
		};
		A313A3BE2B1A1EE300612A69 /* NovaOcorrencia */ = {
			isa = PBXGroup;
			children = (
				A313A3BF2B1A1F8300612A69 /* NovaOcorrenciaView.swift */,
				A313A3C12B1A1F9100612A69 /* NovaOcorrenciaViewController.swift */,
			);
			path = NovaOcorrencia;
			sourceTree = "<group>";
		};
		A31CE4A82AFE5AF80077D156 = {
			isa = PBXGroup;
			children = (
				A31CE4B32AFE5AF80077D156 /* appNotifica */,
				A31CE4B22AFE5AF80077D156 /* Products */,
			);
			sourceTree = "<group>";
		};
		A31CE4B22AFE5AF80077D156 /* Products */ = {
			isa = PBXGroup;
			children = (
				A31CE4B12AFE5AF80077D156 /* appNotifica.app */,
			);
			name = Products;
			sourceTree = "<group>";
		};
		A31CE4B32AFE5AF80077D156 /* appNotifica */ = {
			isa = PBXGroup;
			children = (
				A31CE5062B0154780077D156 /* Source */,
				A31CE4C22AFE5AFB0077D156 /* Info.plist */,
				A31CE5042B0154590077D156 /* Resource */,
			);
			path = appNotifica;
			sourceTree = "<group>";
		};
		A31CE5042B0154590077D156 /* Resource */ = {
			isa = PBXGroup;
			children = (
				A31CE4B42AFE5AF80077D156 /* AppDelegate.swift */,
				A31CE4B62AFE5AF80077D156 /* SceneDelegate.swift */,
				A31CE4B82AFE5AF80077D156 /* ViewController.swift */,
				A31CE4BA2AFE5AF80077D156 /* Main.storyboard */,
				A31CE4BD2AFE5AFB0077D156 /* Assets.xcassets */,
				A31CE4BF2AFE5AFB0077D156 /* LaunchScreen.storyboard */,
			);
			path = Resource;
			sourceTree = "<group>";
		};
		A31CE5062B0154780077D156 /* Source */ = {
			isa = PBXGroup;
			children = (
				A31CE5092B0154AE0077D156 /* Controller */,
				A3E840DA2B07E0DC001D0A87 /* Infrastructure */,
				A3E840BD2B026976001D0A87 /* Extensions */,
				A31CE5082B0154930077D156 /* Coordinator */,
			);
			path = Source;
			sourceTree = "<group>";
		};
		A31CE5082B0154930077D156 /* Coordinator */ = {
			isa = PBXGroup;
			children = (
				A31CE50E2B0155070077D156 /* Coordinator.swift */,
				A31CE5102B01551F0077D156 /* LoginCoordinator.swift */,
				A3E840FA2B0E37F7001D0A87 /* RegisterCoordinator.swift */,
				A3E841032B10D875001D0A87 /* HomeCoordinator.swift */,
				A313A3C92B1A214C00612A69 /* TabbarCoordinator.swift */,
				A313A3CB2B1A21A600612A69 /* NovaOcorrenciaCoordinator.swift */,
				A313A3CD2B1A21DC00612A69 /* SobreCoordinator.swift */,
			);
			path = Coordinator;
			sourceTree = "<group>";
		};
		A31CE5092B0154AE0077D156 /* Controller */ = {
			isa = PBXGroup;
			children = (
				A313A3BE2B1A1EE300612A69 /* NovaOcorrencia */,
				A313A3BD2B1A1EDA00612A69 /* Sobre */,
				A313A3BC2B1A1ECC00612A69 /* Tabbar */,
				A3E840FE2B10D64A001D0A87 /* Home */,
				A3E840FD2B10D62B001D0A87 /* Register */,
				A3E840FC2B10D601001D0A87 /* Login */,
			);
			path = Controller;
			sourceTree = "<group>";
		};
		A3E840BD2B026976001D0A87 /* Extensions */ = {
			isa = PBXGroup;
			children = (
				A3E840BE2B0269A0001D0A87 /* Color+.swift */,
			);
			path = Extensions;
			sourceTree = "<group>";
		};
		A3E840DA2B07E0DC001D0A87 /* Infrastructure */ = {
			isa = PBXGroup;
			children = (
				A3E840DB2B07E106001D0A87 /* ButtonDefault.swift */,
				A3E840DF2B07E370001D0A87 /* ImageDefault.swift */,
				A3E840E12B07E542001D0A87 /* LabelDefault.swift */,
				A3E840E32B07E812001D0A87 /* TextFieldDefault.swift */,
				A351F9E22B18BCB6006331F8 /* ViewDefault.swift */,
				A351F9E42B18C521006331F8 /* ViewControllerDeafault.swift */,
			);
			path = Infrastructure;
			sourceTree = "<group>";
		};
		A3E840FC2B10D601001D0A87 /* Login */ = {
			isa = PBXGroup;
			children = (
				A31CE50A2B0154D30077D156 /* LoginView.swift */,
				A31CE50C2B0154E30077D156 /* LoginViewController.swift */,
			);
			path = Login;
			sourceTree = "<group>";
		};
		A3E840FD2B10D62B001D0A87 /* Register */ = {
			isa = PBXGroup;
			children = (
				A3E840F82B0E36E0001D0A87 /* RegisterViewController.swift */,
				A3E840F62B0E36C4001D0A87 /* RegisterView.swift */,
			);
			path = Register;
			sourceTree = "<group>";
		};
		A3E840FE2B10D64A001D0A87 /* Home */ = {
			isa = PBXGroup;
			children = (
				A3E840FF2B10D663001D0A87 /* HomeView.swift */,
				A3E841012B10D69D001D0A87 /* HomeViewController.swift */,
			);
			path = Home;
			sourceTree = "<group>";
		};
/* End PBXGroup section */

/* Begin PBXNativeTarget section */
		A31CE4B02AFE5AF80077D156 /* appNotifica */ = {
			isa = PBXNativeTarget;
			buildConfigurationList = A31CE4C52AFE5AFB0077D156 /* Build configuration list for PBXNativeTarget "appNotifica" */;
			buildPhases = (
				A31CE4AD2AFE5AF80077D156 /* Sources */,
				A31CE4AE2AFE5AF80077D156 /* Frameworks */,
				A31CE4AF2AFE5AF80077D156 /* Resources */,
			);
			buildRules = (
			);
			dependencies = (
			);
			name = appNotifica;
			productName = appNotifica;
			productReference = A31CE4B12AFE5AF80077D156 /* appNotifica.app */;
			productType = "com.apple.product-type.application";
		};
/* End PBXNativeTarget section */

/* Begin PBXProject section */
		A31CE4A92AFE5AF80077D156 /* Project object */ = {
			isa = PBXProject;
			attributes = {
				BuildIndependentTargetsInParallel = 1;
				LastSwiftUpdateCheck = 1500;
				LastUpgradeCheck = 1500;
				TargetAttributes = {
					A31CE4B02AFE5AF80077D156 = {
						CreatedOnToolsVersion = 15.0.1;
					};
				};
			};
			buildConfigurationList = A31CE4AC2AFE5AF80077D156 /* Build configuration list for PBXProject "appNotifica" */;
			compatibilityVersion = "Xcode 14.0";
			developmentRegion = en;
			hasScannedForEncodings = 0;
			knownRegions = (
				en,
				Base,
			);
			mainGroup = A31CE4A82AFE5AF80077D156;
			productRefGroup = A31CE4B22AFE5AF80077D156 /* Products */;
			projectDirPath = "";
			projectRoot = "";
			targets = (
				A31CE4B02AFE5AF80077D156 /* appNotifica */,
			);
		};
/* End PBXProject section */

/* Begin PBXResourcesBuildPhase section */
		A31CE4AF2AFE5AF80077D156 /* Resources */ = {
			isa = PBXResourcesBuildPhase;
			buildActionMask = 2147483647;
			files = (
				A31CE4C12AFE5AFB0077D156 /* LaunchScreen.storyboard in Resources */,
				A31CE4BE2AFE5AFB0077D156 /* Assets.xcassets in Resources */,
				A31CE4BC2AFE5AF80077D156 /* Main.storyboard in Resources */,
			);
			runOnlyForDeploymentPostprocessing = 0;
		};
/* End PBXResourcesBuildPhase section */

/* Begin PBXSourcesBuildPhase section */
		A31CE4AD2AFE5AF80077D156 /* Sources */ = {
			isa = PBXSourcesBuildPhase;
			buildActionMask = 2147483647;
			files = (
				A313A3CE2B1A21DC00612A69 /* SobreCoordinator.swift in Sources */,
				A31CE4B92AFE5AF80077D156 /* ViewController.swift in Sources */,
				A3E840E02B07E370001D0A87 /* ImageDefault.swift in Sources */,
				A313A3C42B1A1F9C00612A69 /* SobreView.swift in Sources */,
				A313A3CC2B1A21A600612A69 /* NovaOcorrenciaCoordinator.swift in Sources */,
				A313A3C82B1A1FC100612A69 /* TabbarController.swift in Sources */,
				A3E840F72B0E36C4001D0A87 /* RegisterView.swift in Sources */,
				A3E841022B10D69D001D0A87 /* HomeViewController.swift in Sources */,
				A3E840DC2B07E106001D0A87 /* ButtonDefault.swift in Sources */,
				A313A3C62B1A1FAA00612A69 /* SobreViewController.swift in Sources */,
				A313A3C22B1A1F9100612A69 /* NovaOcorrenciaViewController.swift in Sources */,
				A3E840BF2B0269A0001D0A87 /* Color+.swift in Sources */,
				A31CE4B52AFE5AF80077D156 /* AppDelegate.swift in Sources */,
				A313A3C02B1A1F8300612A69 /* NovaOcorrenciaView.swift in Sources */,
				A3E840E22B07E542001D0A87 /* LabelDefault.swift in Sources */,
				A351F9E32B18BCB6006331F8 /* ViewDefault.swift in Sources */,
				A31CE5112B01551F0077D156 /* LoginCoordinator.swift in Sources */,
				A31CE50F2B0155070077D156 /* Coordinator.swift in Sources */,
				A3E840F92B0E36E0001D0A87 /* RegisterViewController.swift in Sources */,
				A3E841042B10D875001D0A87 /* HomeCoordinator.swift in Sources */,
				A31CE50B2B0154D30077D156 /* LoginView.swift in Sources */,
				A31CE50D2B0154E30077D156 /* LoginViewController.swift in Sources */,
				A31CE4B72AFE5AF80077D156 /* SceneDelegate.swift in Sources */,
				A351F9E52B18C521006331F8 /* ViewControllerDeafault.swift in Sources */,
				A3E841002B10D663001D0A87 /* HomeView.swift in Sources */,
				A3E840E42B07E812001D0A87 /* TextFieldDefault.swift in Sources */,
				A313A3CA2B1A214C00612A69 /* TabbarCoordinator.swift in Sources */,
				A3E840FB2B0E37F7001D0A87 /* RegisterCoordinator.swift in Sources */,
			);
			runOnlyForDeploymentPostprocessing = 0;
		};
/* End PBXSourcesBuildPhase section */

/* Begin PBXVariantGroup section */
		A31CE4BA2AFE5AF80077D156 /* Main.storyboard */ = {
			isa = PBXVariantGroup;
			children = (
				A31CE4BB2AFE5AF80077D156 /* Base */,
			);
			name = Main.storyboard;
			sourceTree = "<group>";
		};
		A31CE4BF2AFE5AFB0077D156 /* LaunchScreen.storyboard */ = {
			isa = PBXVariantGroup;
			children = (
				A31CE4C02AFE5AFB0077D156 /* Base */,
			);
			name = LaunchScreen.storyboard;
			sourceTree = "<group>";
		};
/* End PBXVariantGroup section */

/* Begin XCBuildConfiguration section */
		A31CE4C32AFE5AFB0077D156 /* Debug */ = {
			isa = XCBuildConfiguration;
			buildSettings = {
				ALWAYS_SEARCH_USER_PATHS = NO;
				ASSETCATALOG_COMPILER_GENERATE_SWIFT_ASSET_SYMBOL_EXTENSIONS = YES;
				CLANG_ANALYZER_NONNULL = YES;
				CLANG_ANALYZER_NUMBER_OBJECT_CONVERSION = YES_AGGRESSIVE;
				CLANG_CXX_LANGUAGE_STANDARD = "gnu++20";
				CLANG_ENABLE_MODULES = YES;
				CLANG_ENABLE_OBJC_ARC = YES;
				CLANG_ENABLE_OBJC_WEAK = YES;
				CLANG_WARN_BLOCK_CAPTURE_AUTORELEASING = YES;
				CLANG_WARN_BOOL_CONVERSION = YES;
				CLANG_WARN_COMMA = YES;
				CLANG_WARN_CONSTANT_CONVERSION = YES;
				CLANG_WARN_DEPRECATED_OBJC_IMPLEMENTATIONS = YES;
				CLANG_WARN_DIRECT_OBJC_ISA_USAGE = YES_ERROR;
				CLANG_WARN_DOCUMENTATION_COMMENTS = YES;
				CLANG_WARN_EMPTY_BODY = YES;
				CLANG_WARN_ENUM_CONVERSION = YES;
				CLANG_WARN_INFINITE_RECURSION = YES;
				CLANG_WARN_INT_CONVERSION = YES;
				CLANG_WARN_NON_LITERAL_NULL_CONVERSION = YES;
				CLANG_WARN_OBJC_IMPLICIT_RETAIN_SELF = YES;
				CLANG_WARN_OBJC_LITERAL_CONVERSION = YES;
				CLANG_WARN_OBJC_ROOT_CLASS = YES_ERROR;
				CLANG_WARN_QUOTED_INCLUDE_IN_FRAMEWORK_HEADER = YES;
				CLANG_WARN_RANGE_LOOP_ANALYSIS = YES;
				CLANG_WARN_STRICT_PROTOTYPES = YES;
				CLANG_WARN_SUSPICIOUS_MOVE = YES;
				CLANG_WARN_UNGUARDED_AVAILABILITY = YES_AGGRESSIVE;
				CLANG_WARN_UNREACHABLE_CODE = YES;
				CLANG_WARN__DUPLICATE_METHOD_MATCH = YES;
				COPY_PHASE_STRIP = NO;
				DEBUG_INFORMATION_FORMAT = dwarf;
				ENABLE_STRICT_OBJC_MSGSEND = YES;
				ENABLE_TESTABILITY = YES;
				ENABLE_USER_SCRIPT_SANDBOXING = YES;
				GCC_C_LANGUAGE_STANDARD = gnu17;
				GCC_DYNAMIC_NO_PIC = NO;
				GCC_NO_COMMON_BLOCKS = YES;
				GCC_OPTIMIZATION_LEVEL = 0;
				GCC_PREPROCESSOR_DEFINITIONS = (
					"DEBUG=1",
					"$(inherited)",
				);
				GCC_WARN_64_TO_32_BIT_CONVERSION = YES;
				GCC_WARN_ABOUT_RETURN_TYPE = YES_ERROR;
				GCC_WARN_UNDECLARED_SELECTOR = YES;
				GCC_WARN_UNINITIALIZED_AUTOS = YES_AGGRESSIVE;
				GCC_WARN_UNUSED_FUNCTION = YES;
				GCC_WARN_UNUSED_VARIABLE = YES;
				IPHONEOS_DEPLOYMENT_TARGET = 17.0;
				LOCALIZATION_PREFERS_STRING_CATALOGS = YES;
				MTL_ENABLE_DEBUG_INFO = INCLUDE_SOURCE;
				MTL_FAST_MATH = YES;
				ONLY_ACTIVE_ARCH = YES;
				SDKROOT = iphoneos;
				SWIFT_ACTIVE_COMPILATION_CONDITIONS = "DEBUG $(inherited)";
				SWIFT_OPTIMIZATION_LEVEL = "-Onone";
			};
			name = Debug;
		};
		A31CE4C42AFE5AFB0077D156 /* Release */ = {
			isa = XCBuildConfiguration;
			buildSettings = {
				ALWAYS_SEARCH_USER_PATHS = NO;
				ASSETCATALOG_COMPILER_GENERATE_SWIFT_ASSET_SYMBOL_EXTENSIONS = YES;
				CLANG_ANALYZER_NONNULL = YES;
				CLANG_ANALYZER_NUMBER_OBJECT_CONVERSION = YES_AGGRESSIVE;
				CLANG_CXX_LANGUAGE_STANDARD = "gnu++20";
				CLANG_ENABLE_MODULES = YES;
				CLANG_ENABLE_OBJC_ARC = YES;
				CLANG_ENABLE_OBJC_WEAK = YES;
				CLANG_WARN_BLOCK_CAPTURE_AUTORELEASING = YES;
				CLANG_WARN_BOOL_CONVERSION = YES;
				CLANG_WARN_COMMA = YES;
				CLANG_WARN_CONSTANT_CONVERSION = YES;
				CLANG_WARN_DEPRECATED_OBJC_IMPLEMENTATIONS = YES;
				CLANG_WARN_DIRECT_OBJC_ISA_USAGE = YES_ERROR;
				CLANG_WARN_DOCUMENTATION_COMMENTS = YES;
				CLANG_WARN_EMPTY_BODY = YES;
				CLANG_WARN_ENUM_CONVERSION = YES;
				CLANG_WARN_INFINITE_RECURSION = YES;
				CLANG_WARN_INT_CONVERSION = YES;
				CLANG_WARN_NON_LITERAL_NULL_CONVERSION = YES;
				CLANG_WARN_OBJC_IMPLICIT_RETAIN_SELF = YES;
				CLANG_WARN_OBJC_LITERAL_CONVERSION = YES;
				CLANG_WARN_OBJC_ROOT_CLASS = YES_ERROR;
				CLANG_WARN_QUOTED_INCLUDE_IN_FRAMEWORK_HEADER = YES;
				CLANG_WARN_RANGE_LOOP_ANALYSIS = YES;
				CLANG_WARN_STRICT_PROTOTYPES = YES;
				CLANG_WARN_SUSPICIOUS_MOVE = YES;
				CLANG_WARN_UNGUARDED_AVAILABILITY = YES_AGGRESSIVE;
				CLANG_WARN_UNREACHABLE_CODE = YES;
				CLANG_WARN__DUPLICATE_METHOD_MATCH = YES;
				COPY_PHASE_STRIP = NO;
				DEBUG_INFORMATION_FORMAT = "dwarf-with-dsym";
				ENABLE_NS_ASSERTIONS = NO;
				ENABLE_STRICT_OBJC_MSGSEND = YES;
				ENABLE_USER_SCRIPT_SANDBOXING = YES;
				GCC_C_LANGUAGE_STANDARD = gnu17;
				GCC_NO_COMMON_BLOCKS = YES;
				GCC_WARN_64_TO_32_BIT_CONVERSION = YES;
				GCC_WARN_ABOUT_RETURN_TYPE = YES_ERROR;
				GCC_WARN_UNDECLARED_SELECTOR = YES;
				GCC_WARN_UNINITIALIZED_AUTOS = YES_AGGRESSIVE;
				GCC_WARN_UNUSED_FUNCTION = YES;
				GCC_WARN_UNUSED_VARIABLE = YES;
				IPHONEOS_DEPLOYMENT_TARGET = 17.0;
				LOCALIZATION_PREFERS_STRING_CATALOGS = YES;
				MTL_ENABLE_DEBUG_INFO = NO;
				MTL_FAST_MATH = YES;
				SDKROOT = iphoneos;
				SWIFT_COMPILATION_MODE = wholemodule;
				VALIDATE_PRODUCT = YES;
			};
			name = Release;
		};
		A31CE4C62AFE5AFB0077D156 /* Debug */ = {
			isa = XCBuildConfiguration;
			buildSettings = {
				ASSETCATALOG_COMPILER_APPICON_NAME = AppIcon;
				ASSETCATALOG_COMPILER_GLOBAL_ACCENT_COLOR_NAME = AccentColor;
				CODE_SIGN_STYLE = Automatic;
				CURRENT_PROJECT_VERSION = 1;
				DEVELOPMENT_TEAM = H7YBYN35H3;
				GENERATE_INFOPLIST_FILE = YES;
				INFOPLIST_FILE = appNotifica/Info.plist;
				INFOPLIST_KEY_UIApplicationSupportsIndirectInputEvents = YES;
				INFOPLIST_KEY_UILaunchStoryboardName = LaunchScreen;
				INFOPLIST_KEY_UIMainStoryboardFile = Main;
				INFOPLIST_KEY_UISupportedInterfaceOrientations_iPad = "UIInterfaceOrientationPortrait UIInterfaceOrientationPortraitUpsideDown UIInterfaceOrientationLandscapeLeft UIInterfaceOrientationLandscapeRight";
				INFOPLIST_KEY_UISupportedInterfaceOrientations_iPhone = "UIInterfaceOrientationPortrait UIInterfaceOrientationLandscapeLeft UIInterfaceOrientationLandscapeRight";
				IPHONEOS_DEPLOYMENT_TARGET = 17.0;
				LD_RUNPATH_SEARCH_PATHS = (
					"$(inherited)",
					"@executable_path/Frameworks",
				);
				MARKETING_VERSION = 1.0;
				PRODUCT_BUNDLE_IDENTIFIER = br.com.lis.appNotifica;
				PRODUCT_NAME = "$(TARGET_NAME)";
				SWIFT_EMIT_LOC_STRINGS = YES;
				SWIFT_VERSION = 5.0;
				TARGETED_DEVICE_FAMILY = "1,2";
			};
			name = Debug;
		};
		A31CE4C72AFE5AFB0077D156 /* Release */ = {
			isa = XCBuildConfiguration;
			buildSettings = {
				ASSETCATALOG_COMPILER_APPICON_NAME = AppIcon;
				ASSETCATALOG_COMPILER_GLOBAL_ACCENT_COLOR_NAME = AccentColor;
				CODE_SIGN_STYLE = Automatic;
				CURRENT_PROJECT_VERSION = 1;
				DEVELOPMENT_TEAM = H7YBYN35H3;
				GENERATE_INFOPLIST_FILE = YES;
				INFOPLIST_FILE = appNotifica/Info.plist;
				INFOPLIST_KEY_UIApplicationSupportsIndirectInputEvents = YES;
				INFOPLIST_KEY_UILaunchStoryboardName = LaunchScreen;
				INFOPLIST_KEY_UIMainStoryboardFile = Main;
				INFOPLIST_KEY_UISupportedInterfaceOrientations_iPad = "UIInterfaceOrientationPortrait UIInterfaceOrientationPortraitUpsideDown UIInterfaceOrientationLandscapeLeft UIInterfaceOrientationLandscapeRight";
				INFOPLIST_KEY_UISupportedInterfaceOrientations_iPhone = "UIInterfaceOrientationPortrait UIInterfaceOrientationLandscapeLeft UIInterfaceOrientationLandscapeRight";
				IPHONEOS_DEPLOYMENT_TARGET = 17.0;
				LD_RUNPATH_SEARCH_PATHS = (
					"$(inherited)",
					"@executable_path/Frameworks",
				);
				MARKETING_VERSION = 1.0;
				PRODUCT_BUNDLE_IDENTIFIER = br.com.lis.appNotifica;
				PRODUCT_NAME = "$(TARGET_NAME)";
				SWIFT_EMIT_LOC_STRINGS = YES;
				SWIFT_VERSION = 5.0;
				TARGETED_DEVICE_FAMILY = "1,2";
			};
			name = Release;
		};
/* End XCBuildConfiguration section */

/* Begin XCConfigurationList section */
		A31CE4AC2AFE5AF80077D156 /* Build configuration list for PBXProject "appNotifica" */ = {
			isa = XCConfigurationList;
			buildConfigurations = (
				A31CE4C32AFE5AFB0077D156 /* Debug */,
				A31CE4C42AFE5AFB0077D156 /* Release */,
			);
			defaultConfigurationIsVisible = 0;
			defaultConfigurationName = Release;
		};
		A31CE4C52AFE5AFB0077D156 /* Build configuration list for PBXNativeTarget "appNotifica" */ = {
			isa = XCConfigurationList;
			buildConfigurations = (
				A31CE4C62AFE5AFB0077D156 /* Debug */,
				A31CE4C72AFE5AFB0077D156 /* Release */,
			);
			defaultConfigurationIsVisible = 0;
			defaultConfigurationName = Release;
		};
/* End XCConfigurationList section */
	};
	rootObject = A31CE4A92AFE5AF80077D156 /* Project object */;
}
